
Microsoft Visual Studio Solution File, Format Version 12.00
# Visual Studio Version 17
VisualStudioVersion = 17.8.34330.188
MinimumVisualStudioVersion = 10.0.40219.1
Project("{9A19103F-16F7-4668-BE54-9A1E7A4F7556}") = "ForwardTestTask.Presentation", "ForwardTestTask.Presentation\ForwardTestTask.Presentation.csproj", "{249287A9-9CC5-43BA-8557-BDB3C88F438E}"
	ProjectSection(ProjectDependencies) = postProject
		{0AAC42E8-0E88-4473-A319-5057BF781812} = {0AAC42E8-0E88-4473-A319-5057BF781812}
	EndProjectSection
EndProject
Project("{9A19103F-16F7-4668-BE54-9A1E7A4F7556}") = "ForwardTestTask.Desktop", "ForwardTestTask.Desktop\ForwardTestTask.Desktop.csproj", "{E0ECBA7D-D889-4171-BF3B-D5E2FE287157}"
EndProject
Project("{9A19103F-16F7-4668-BE54-9A1E7A4F7556}") = "ForwardTestTask.Domain", "ForwardTestTask.Domain\ForwardTestTask.Domain.csproj", "{0AAC42E8-0E88-4473-A319-5057BF781812}"
EndProject
Project("{9A19103F-16F7-4668-BE54-9A1E7A4F7556}") = "ForwardTestTask.Core", "ForwardTestTask.Core\ForwardTestTask.Core.csproj", "{C56837D6-3EC0-4510-8EB0-68317C1A145A}"
	ProjectSection(ProjectDependencies) = postProject
		{0AAC42E8-0E88-4473-A319-5057BF781812} = {0AAC42E8-0E88-4473-A319-5057BF781812}
	EndProjectSection
EndProject
Global
	GlobalSection(SolutionConfigurationPlatforms) = preSolution
		Debug|Any CPU = Debug|Any CPU
		Release|Any CPU = Release|Any CPU
	EndGlobalSection
	GlobalSection(ProjectConfigurationPlatforms) = postSolution
		{249287A9-9CC5-43BA-8557-BDB3C88F438E}.Debug|Any CPU.ActiveCfg = Debug|Any CPU
		{249287A9-9CC5-43BA-8557-BDB3C88F438E}.Debug|Any CPU.Build.0 = Debug|Any CPU
		{249287A9-9CC5-43BA-8557-BDB3C88F438E}.Release|Any CPU.ActiveCfg = Release|Any CPU
		{249287A9-9CC5-43BA-8557-BDB3C88F438E}.Release|Any CPU.Build.0 = Release|Any CPU
		{E0ECBA7D-D889-4171-BF3B-D5E2FE287157}.Debug|Any CPU.ActiveCfg = Debug|Any CPU
		{E0ECBA7D-D889-4171-BF3B-D5E2FE287157}.Debug|Any CPU.Build.0 = Debug|Any CPU
		{E0ECBA7D-D889-4171-BF3B-D5E2FE287157}.Release|Any CPU.ActiveCfg = Release|Any CPU
		{E0ECBA7D-D889-4171-BF3B-D5E2FE287157}.Release|Any CPU.Build.0 = Release|Any CPU
		{0AAC42E8-0E88-4473-A319-5057BF781812}.Debug|Any CPU.ActiveCfg = Debug|Any CPU
		{0AAC42E8-0E88-4473-A319-5057BF781812}.Debug|Any CPU.Build.0 = Debug|Any CPU
		{0AAC42E8-0E88-4473-A319-5057BF781812}.Release|Any CPU.ActiveCfg = Release|Any CPU
		{0AAC42E8-0E88-4473-A319-5057BF781812}.Release|Any CPU.Build.0 = Release|Any CPU
		{C56837D6-3EC0-4510-8EB0-68317C1A145A}.Debug|Any CPU.ActiveCfg = Debug|Any CPU
		{C56837D6-3EC0-4510-8EB0-68317C1A145A}.Debug|Any CPU.Build.0 = Debug|Any CPU
		{C56837D6-3EC0-4510-8EB0-68317C1A145A}.Release|Any CPU.ActiveCfg = Release|Any CPU
		{C56837D6-3EC0-4510-8EB0-68317C1A145A}.Release|Any CPU.Build.0 = Release|Any CPU
	EndGlobalSection
	GlobalSection(SolutionProperties) = preSolution
		HideSolutionNode = FALSE
	EndGlobalSection
	GlobalSection(ExtensibilityGlobals) = postSolution
		SolutionGuid = {2811EEEF-36FB-48E3-9502-5975391F32C4}
	EndGlobalSection
EndGlobal
